
Microsoft Visual Studio Solution File, Format Version 12.00
# Visual Studio Version 16
VisualStudioVersion = 16.0.30907.101
MinimumVisualStudioVersion = 10.0.40219.1
Project("{FAE04EC0-301F-11D3-BF4B-00C04F79EFBC}") = "StudentAppCapabilityReviewmvc", "StudentAppCapabilityReviewmvc\StudentAppCapabilityReviewmvc.csproj", "{E7213038-89D2-4BA6-9E47-D56F085AA28E}"
EndProject
Project("{FAE04EC0-301F-11D3-BF4B-00C04F79EFBC}") = "StudentBusinessLayer", "StudentBusinessLayer\StudentBusinessLayer.csproj", "{AE5FFB23-3E29-4BD0-8776-B83E5391F9A2}"
EndProject
Project("{FAE04EC0-301F-11D3-BF4B-00C04F79EFBC}") = "StudentDataAccessLayer", "StudentDataAccessLayer\StudentDataAccessLayer.csproj", "{BDC19C0D-09D4-4672-81B9-56230A3ABAB6}"
EndProject
Project("{FAE04EC0-301F-11D3-BF4B-00C04F79EFBC}") = "StudentEntities", "StudentEntities\StudentEntities.csproj", "{EBB1F9E6-401B-4676-A05D-D1EFBB6FE430}"
EndProject
Project("{FAE04EC0-301F-11D3-BF4B-00C04F79EFBC}") = "ExceptionLayer", "ExceptionLayer\ExceptionLayer.csproj", "{6A1F22C3-99C0-4B22-BE3B-2AC827B50295}"
EndProject
Global
	GlobalSection(SolutionConfigurationPlatforms) = preSolution
		Debug|Any CPU = Debug|Any CPU
		Release|Any CPU = Release|Any CPU
	EndGlobalSection
	GlobalSection(ProjectConfigurationPlatforms) = postSolution
		{E7213038-89D2-4BA6-9E47-D56F085AA28E}.Debug|Any CPU.ActiveCfg = Debug|Any CPU
		{E7213038-89D2-4BA6-9E47-D56F085AA28E}.Debug|Any CPU.Build.0 = Debug|Any CPU
		{E7213038-89D2-4BA6-9E47-D56F085AA28E}.Release|Any CPU.ActiveCfg = Release|Any CPU
		{E7213038-89D2-4BA6-9E47-D56F085AA28E}.Release|Any CPU.Build.0 = Release|Any CPU
		{AE5FFB23-3E29-4BD0-8776-B83E5391F9A2}.Debug|Any CPU.ActiveCfg = Debug|Any CPU
		{AE5FFB23-3E29-4BD0-8776-B83E5391F9A2}.Debug|Any CPU.Build.0 = Debug|Any CPU
		{AE5FFB23-3E29-4BD0-8776-B83E5391F9A2}.Release|Any CPU.ActiveCfg = Release|Any CPU
		{AE5FFB23-3E29-4BD0-8776-B83E5391F9A2}.Release|Any CPU.Build.0 = Release|Any CPU
		{BDC19C0D-09D4-4672-81B9-56230A3ABAB6}.Debug|Any CPU.ActiveCfg = Debug|Any CPU
		{BDC19C0D-09D4-4672-81B9-56230A3ABAB6}.Debug|Any CPU.Build.0 = Debug|Any CPU
		{BDC19C0D-09D4-4672-81B9-56230A3ABAB6}.Release|Any CPU.ActiveCfg = Release|Any CPU
		{BDC19C0D-09D4-4672-81B9-56230A3ABAB6}.Release|Any CPU.Build.0 = Release|Any CPU
		{EBB1F9E6-401B-4676-A05D-D1EFBB6FE430}.Debug|Any CPU.ActiveCfg = Debug|Any CPU
		{EBB1F9E6-401B-4676-A05D-D1EFBB6FE430}.Debug|Any CPU.Build.0 = Debug|Any CPU
		{EBB1F9E6-401B-4676-A05D-D1EFBB6FE430}.Release|Any CPU.ActiveCfg = Release|Any CPU
		{EBB1F9E6-401B-4676-A05D-D1EFBB6FE430}.Release|Any CPU.Build.0 = Release|Any CPU
		{6A1F22C3-99C0-4B22-BE3B-2AC827B50295}.Debug|Any CPU.ActiveCfg = Debug|Any CPU
		{6A1F22C3-99C0-4B22-BE3B-2AC827B50295}.Debug|Any CPU.Build.0 = Debug|Any CPU
		{6A1F22C3-99C0-4B22-BE3B-2AC827B50295}.Release|Any CPU.ActiveCfg = Release|Any CPU
		{6A1F22C3-99C0-4B22-BE3B-2AC827B50295}.Release|Any CPU.Build.0 = Release|Any CPU
	EndGlobalSection
	GlobalSection(SolutionProperties) = preSolution
		HideSolutionNode = FALSE
	EndGlobalSection
	GlobalSection(ExtensibilityGlobals) = postSolution
		SolutionGuid = {A6B88814-3AE1-4FB5-A244-F3E73C4FA372}
	EndGlobalSection
EndGlobal
