
Microsoft Visual Studio Solution File, Format Version 12.00
# Visual Studio Version 16
VisualStudioVersion = 16.0.30907.101
MinimumVisualStudioVersion = 10.0.40219.1
Project("{FAE04EC0-301F-11D3-BF4B-00C04F79EFBC}") = "RoomBookingSystemWebApi", "RoomBookingSystemWebApi\RoomBookingSystemWebApi.csproj", "{5763B56F-8CF3-4BC6-B59E-5244D3EEE9BD}"
EndProject
Project("{FAE04EC0-301F-11D3-BF4B-00C04F79EFBC}") = "RoomBookingBusinessLayer", "RoomBookingBusinessLayer\RoomBookingBusinessLayer.csproj", "{B6DCF3D5-CC79-4C1A-8682-48860391D90F}"
EndProject
Project("{FAE04EC0-301F-11D3-BF4B-00C04F79EFBC}") = "RoomBookingDataLayer", "RoomBookingDataLayer\RoomBookingDataLayer.csproj", "{519C0D8B-6874-4FF3-A4B1-3994A043019A}"
EndProject
Project("{FAE04EC0-301F-11D3-BF4B-00C04F79EFBC}") = "RoomBookingExceptions", "RoomBookingExceptions\RoomBookingExceptions.csproj", "{86094AC4-CF7E-4C08-9867-41503F6AB80F}"
EndProject
Project("{FAE04EC0-301F-11D3-BF4B-00C04F79EFBC}") = "RoomBookingEntities", "RoomBookingEntities\RoomBookingEntities.csproj", "{83F15911-B07A-4DE4-812B-205CD18341E3}"
EndProject
Global
	GlobalSection(SolutionConfigurationPlatforms) = preSolution
		Debug|Any CPU = Debug|Any CPU
		Release|Any CPU = Release|Any CPU
	EndGlobalSection
	GlobalSection(ProjectConfigurationPlatforms) = postSolution
		{5763B56F-8CF3-4BC6-B59E-5244D3EEE9BD}.Debug|Any CPU.ActiveCfg = Debug|Any CPU
		{5763B56F-8CF3-4BC6-B59E-5244D3EEE9BD}.Debug|Any CPU.Build.0 = Debug|Any CPU
		{5763B56F-8CF3-4BC6-B59E-5244D3EEE9BD}.Release|Any CPU.ActiveCfg = Release|Any CPU
		{5763B56F-8CF3-4BC6-B59E-5244D3EEE9BD}.Release|Any CPU.Build.0 = Release|Any CPU
		{B6DCF3D5-CC79-4C1A-8682-48860391D90F}.Debug|Any CPU.ActiveCfg = Debug|Any CPU
		{B6DCF3D5-CC79-4C1A-8682-48860391D90F}.Debug|Any CPU.Build.0 = Debug|Any CPU
		{B6DCF3D5-CC79-4C1A-8682-48860391D90F}.Release|Any CPU.ActiveCfg = Release|Any CPU
		{B6DCF3D5-CC79-4C1A-8682-48860391D90F}.Release|Any CPU.Build.0 = Release|Any CPU
		{519C0D8B-6874-4FF3-A4B1-3994A043019A}.Debug|Any CPU.ActiveCfg = Debug|Any CPU
		{519C0D8B-6874-4FF3-A4B1-3994A043019A}.Debug|Any CPU.Build.0 = Debug|Any CPU
		{519C0D8B-6874-4FF3-A4B1-3994A043019A}.Release|Any CPU.ActiveCfg = Release|Any CPU
		{519C0D8B-6874-4FF3-A4B1-3994A043019A}.Release|Any CPU.Build.0 = Release|Any CPU
		{86094AC4-CF7E-4C08-9867-41503F6AB80F}.Debug|Any CPU.ActiveCfg = Debug|Any CPU
		{86094AC4-CF7E-4C08-9867-41503F6AB80F}.Debug|Any CPU.Build.0 = Debug|Any CPU
		{86094AC4-CF7E-4C08-9867-41503F6AB80F}.Release|Any CPU.ActiveCfg = Release|Any CPU
		{86094AC4-CF7E-4C08-9867-41503F6AB80F}.Release|Any CPU.Build.0 = Release|Any CPU
		{83F15911-B07A-4DE4-812B-205CD18341E3}.Debug|Any CPU.ActiveCfg = Debug|Any CPU
		{83F15911-B07A-4DE4-812B-205CD18341E3}.Debug|Any CPU.Build.0 = Debug|Any CPU
		{83F15911-B07A-4DE4-812B-205CD18341E3}.Release|Any CPU.ActiveCfg = Release|Any CPU
		{83F15911-B07A-4DE4-812B-205CD18341E3}.Release|Any CPU.Build.0 = Release|Any CPU
	EndGlobalSection
	GlobalSection(SolutionProperties) = preSolution
		HideSolutionNode = FALSE
	EndGlobalSection
	GlobalSection(ExtensibilityGlobals) = postSolution
		SolutionGuid = {282A7BF2-6C05-4E35-9830-16B44862146A}
	EndGlobalSection
EndGlobal
