
Microsoft Visual Studio Solution File, Format Version 12.00
# Visual Studio Version 16
VisualStudioVersion = 16.0.30907.101
MinimumVisualStudioVersion = 10.0.40219.1
Project("{FAE04EC0-301F-11D3-BF4B-00C04F79EFBC}") = "RestaurentManagementSystem.MVCWebApplication", "RestaurentManagementSystem.MVCWebApplication\RestaurentManagementSystem.MVCWebApplication.csproj", "{CC3ABCE0-607E-43FB-BD89-55481ABEFA4D}"
EndProject
Project("{FAE04EC0-301F-11D3-BF4B-00C04F79EFBC}") = "RestaurentManagementBusinessLayer", "RestaurentManagementBusinessLayer\RestaurentManagementBusinessLayer.csproj", "{751BE211-2B42-425D-914C-B618FA09B1F5}"
EndProject
Project("{FAE04EC0-301F-11D3-BF4B-00C04F79EFBC}") = "RestaurentManagementDataAccessLayer", "RestaurentManagementDataAccessLayer\RestaurentManagementDataAccessLayer.csproj", "{A5750111-A5D2-4516-BA9A-876F2D3F2CA1}"
EndProject
Project("{FAE04EC0-301F-11D3-BF4B-00C04F79EFBC}") = "RestaurentManagementEntities", "RestaurentManagementEntities\RestaurentManagementEntities.csproj", "{048505EB-CC90-475F-8DA8-4EBF405A6057}"
EndProject
Project("{FAE04EC0-301F-11D3-BF4B-00C04F79EFBC}") = "CustomExceptionLayer", "CustomExceptionLayer\CustomExceptionLayer.csproj", "{0E133570-D441-46BF-AAA0-1F8F2B820052}"
EndProject
Global
	GlobalSection(SolutionConfigurationPlatforms) = preSolution
		Debug|Any CPU = Debug|Any CPU
		Release|Any CPU = Release|Any CPU
	EndGlobalSection
	GlobalSection(ProjectConfigurationPlatforms) = postSolution
		{CC3ABCE0-607E-43FB-BD89-55481ABEFA4D}.Debug|Any CPU.ActiveCfg = Debug|Any CPU
		{CC3ABCE0-607E-43FB-BD89-55481ABEFA4D}.Debug|Any CPU.Build.0 = Debug|Any CPU
		{CC3ABCE0-607E-43FB-BD89-55481ABEFA4D}.Release|Any CPU.ActiveCfg = Release|Any CPU
		{CC3ABCE0-607E-43FB-BD89-55481ABEFA4D}.Release|Any CPU.Build.0 = Release|Any CPU
		{751BE211-2B42-425D-914C-B618FA09B1F5}.Debug|Any CPU.ActiveCfg = Debug|Any CPU
		{751BE211-2B42-425D-914C-B618FA09B1F5}.Debug|Any CPU.Build.0 = Debug|Any CPU
		{751BE211-2B42-425D-914C-B618FA09B1F5}.Release|Any CPU.ActiveCfg = Release|Any CPU
		{751BE211-2B42-425D-914C-B618FA09B1F5}.Release|Any CPU.Build.0 = Release|Any CPU
		{A5750111-A5D2-4516-BA9A-876F2D3F2CA1}.Debug|Any CPU.ActiveCfg = Debug|Any CPU
		{A5750111-A5D2-4516-BA9A-876F2D3F2CA1}.Debug|Any CPU.Build.0 = Debug|Any CPU
		{A5750111-A5D2-4516-BA9A-876F2D3F2CA1}.Release|Any CPU.ActiveCfg = Release|Any CPU
		{A5750111-A5D2-4516-BA9A-876F2D3F2CA1}.Release|Any CPU.Build.0 = Release|Any CPU
		{048505EB-CC90-475F-8DA8-4EBF405A6057}.Debug|Any CPU.ActiveCfg = Debug|Any CPU
		{048505EB-CC90-475F-8DA8-4EBF405A6057}.Debug|Any CPU.Build.0 = Debug|Any CPU
		{048505EB-CC90-475F-8DA8-4EBF405A6057}.Release|Any CPU.ActiveCfg = Release|Any CPU
		{048505EB-CC90-475F-8DA8-4EBF405A6057}.Release|Any CPU.Build.0 = Release|Any CPU
		{0E133570-D441-46BF-AAA0-1F8F2B820052}.Debug|Any CPU.ActiveCfg = Debug|Any CPU
		{0E133570-D441-46BF-AAA0-1F8F2B820052}.Debug|Any CPU.Build.0 = Debug|Any CPU
		{0E133570-D441-46BF-AAA0-1F8F2B820052}.Release|Any CPU.ActiveCfg = Release|Any CPU
		{0E133570-D441-46BF-AAA0-1F8F2B820052}.Release|Any CPU.Build.0 = Release|Any CPU
	EndGlobalSection
	GlobalSection(SolutionProperties) = preSolution
		HideSolutionNode = FALSE
	EndGlobalSection
	GlobalSection(ExtensibilityGlobals) = postSolution
		SolutionGuid = {D1DF4513-FB14-4312-95E0-5CADEE72FAFC}
	EndGlobalSection
EndGlobal
