
Microsoft Visual Studio Solution File, Format Version 12.00
# Visual Studio Version 16
VisualStudioVersion = 16.0.30907.101
MinimumVisualStudioVersion = 10.0.40219.1
Project("{FAE04EC0-301F-11D3-BF4B-00C04F79EFBC}") = "CapabilityReviewStudentAppMvc", "CapabilityReviewStudentAppMvc\CapabilityReviewStudentAppMvc.csproj", "{15A4DA1E-E466-42B1-8633-FE84242F6926}"
EndProject
Project("{FAE04EC0-301F-11D3-BF4B-00C04F79EFBC}") = "StudentBusinessLayer", "StudentBusinessLayer\StudentBusinessLayer.csproj", "{1D5F79D7-7F7B-47A2-974A-9601951295DD}"
EndProject
Project("{FAE04EC0-301F-11D3-BF4B-00C04F79EFBC}") = "StudentDataAccessLayer", "StudentDataAccessLayer\StudentDataAccessLayer.csproj", "{B61CF89A-A29D-4189-A2DA-0E19D325F53F}"
EndProject
Project("{FAE04EC0-301F-11D3-BF4B-00C04F79EFBC}") = "StudentEntities", "StudentEntities\StudentEntities.csproj", "{7A8E1B55-47EB-4964-AD48-3882A96BC666}"
EndProject
Project("{FAE04EC0-301F-11D3-BF4B-00C04F79EFBC}") = "StudentExceptionLayer", "StudentExceptionLayer\StudentExceptionLayer.csproj", "{C8869D1E-F566-40EE-B767-086F403872EB}"
EndProject
Global
	GlobalSection(SolutionConfigurationPlatforms) = preSolution
		Debug|Any CPU = Debug|Any CPU
		Release|Any CPU = Release|Any CPU
	EndGlobalSection
	GlobalSection(ProjectConfigurationPlatforms) = postSolution
		{15A4DA1E-E466-42B1-8633-FE84242F6926}.Debug|Any CPU.ActiveCfg = Debug|Any CPU
		{15A4DA1E-E466-42B1-8633-FE84242F6926}.Debug|Any CPU.Build.0 = Debug|Any CPU
		{15A4DA1E-E466-42B1-8633-FE84242F6926}.Release|Any CPU.ActiveCfg = Release|Any CPU
		{15A4DA1E-E466-42B1-8633-FE84242F6926}.Release|Any CPU.Build.0 = Release|Any CPU
		{1D5F79D7-7F7B-47A2-974A-9601951295DD}.Debug|Any CPU.ActiveCfg = Debug|Any CPU
		{1D5F79D7-7F7B-47A2-974A-9601951295DD}.Debug|Any CPU.Build.0 = Debug|Any CPU
		{1D5F79D7-7F7B-47A2-974A-9601951295DD}.Release|Any CPU.ActiveCfg = Release|Any CPU
		{1D5F79D7-7F7B-47A2-974A-9601951295DD}.Release|Any CPU.Build.0 = Release|Any CPU
		{B61CF89A-A29D-4189-A2DA-0E19D325F53F}.Debug|Any CPU.ActiveCfg = Debug|Any CPU
		{B61CF89A-A29D-4189-A2DA-0E19D325F53F}.Debug|Any CPU.Build.0 = Debug|Any CPU
		{B61CF89A-A29D-4189-A2DA-0E19D325F53F}.Release|Any CPU.ActiveCfg = Release|Any CPU
		{B61CF89A-A29D-4189-A2DA-0E19D325F53F}.Release|Any CPU.Build.0 = Release|Any CPU
		{7A8E1B55-47EB-4964-AD48-3882A96BC666}.Debug|Any CPU.ActiveCfg = Debug|Any CPU
		{7A8E1B55-47EB-4964-AD48-3882A96BC666}.Debug|Any CPU.Build.0 = Debug|Any CPU
		{7A8E1B55-47EB-4964-AD48-3882A96BC666}.Release|Any CPU.ActiveCfg = Release|Any CPU
		{7A8E1B55-47EB-4964-AD48-3882A96BC666}.Release|Any CPU.Build.0 = Release|Any CPU
		{C8869D1E-F566-40EE-B767-086F403872EB}.Debug|Any CPU.ActiveCfg = Debug|Any CPU
		{C8869D1E-F566-40EE-B767-086F403872EB}.Debug|Any CPU.Build.0 = Debug|Any CPU
		{C8869D1E-F566-40EE-B767-086F403872EB}.Release|Any CPU.ActiveCfg = Release|Any CPU
		{C8869D1E-F566-40EE-B767-086F403872EB}.Release|Any CPU.Build.0 = Release|Any CPU
	EndGlobalSection
	GlobalSection(SolutionProperties) = preSolution
		HideSolutionNode = FALSE
	EndGlobalSection
	GlobalSection(ExtensibilityGlobals) = postSolution
		SolutionGuid = {694683C1-8FC2-40E3-8928-487286EE60F4}
	EndGlobalSection
EndGlobal
