
Microsoft Visual Studio Solution File, Format Version 12.00
# Visual Studio Version 16
VisualStudioVersion = 16.0.30907.101
MinimumVisualStudioVersion = 10.0.40219.1
Project("{FAE04EC0-301F-11D3-BF4B-00C04F79EFBC}") = "mobileoperations", "mobileoperations\mobileoperations.csproj", "{35C31187-4D0A-4740-BD27-86E5E40CDD6F}"
EndProject
Global
	GlobalSection(SolutionConfigurationPlatforms) = preSolution
		Debug|Any CPU = Debug|Any CPU
		Release|Any CPU = Release|Any CPU
	EndGlobalSection
	GlobalSection(ProjectConfigurationPlatforms) = postSolution
		{35C31187-4D0A-4740-BD27-86E5E40CDD6F}.Debug|Any CPU.ActiveCfg = Debug|Any CPU
		{35C31187-4D0A-4740-BD27-86E5E40CDD6F}.Debug|Any CPU.Build.0 = Debug|Any CPU
		{35C31187-4D0A-4740-BD27-86E5E40CDD6F}.Release|Any CPU.ActiveCfg = Release|Any CPU
		{35C31187-4D0A-4740-BD27-86E5E40CDD6F}.Release|Any CPU.Build.0 = Release|Any CPU
	EndGlobalSection
	GlobalSection(SolutionProperties) = preSolution
		HideSolutionNode = FALSE
	EndGlobalSection
	GlobalSection(ExtensibilityGlobals) = postSolution
		SolutionGuid = {E8B0DEFC-F8D1-4909-AFB7-458E227050DB}
	EndGlobalSection
EndGlobal
