
Microsoft Visual Studio Solution File, Format Version 12.00
# Visual Studio Version 16
VisualStudioVersion = 16.0.30907.101
MinimumVisualStudioVersion = 10.0.40219.1
Project("{FAE04EC0-301F-11D3-BF4B-00C04F79EFBC}") = "serialization", "serialization\serialization.csproj", "{815C6491-2D73-4B04-BB94-D1317DE6F087}"
EndProject
Global
	GlobalSection(SolutionConfigurationPlatforms) = preSolution
		Debug|Any CPU = Debug|Any CPU
		Release|Any CPU = Release|Any CPU
	EndGlobalSection
	GlobalSection(ProjectConfigurationPlatforms) = postSolution
		{815C6491-2D73-4B04-BB94-D1317DE6F087}.Debug|Any CPU.ActiveCfg = Debug|Any CPU
		{815C6491-2D73-4B04-BB94-D1317DE6F087}.Debug|Any CPU.Build.0 = Debug|Any CPU
		{815C6491-2D73-4B04-BB94-D1317DE6F087}.Release|Any CPU.ActiveCfg = Release|Any CPU
		{815C6491-2D73-4B04-BB94-D1317DE6F087}.Release|Any CPU.Build.0 = Release|Any CPU
	EndGlobalSection
	GlobalSection(SolutionProperties) = preSolution
		HideSolutionNode = FALSE
	EndGlobalSection
	GlobalSection(ExtensibilityGlobals) = postSolution
		SolutionGuid = {E46981EC-5C6C-4112-B58A-7299BFA1C443}
	EndGlobalSection
EndGlobal
