
Microsoft Visual Studio Solution File, Format Version 12.00
# Visual Studio Version 16
VisualStudioVersion = 16.0.30907.101
MinimumVisualStudioVersion = 10.0.40219.1
Project("{FAE04EC0-301F-11D3-BF4B-00C04F79EFBC}") = "StudentBusinessLayer", "StudentBusinessLayer\StudentBusinessLayer.csproj", "{36E2A364-E0AA-48BA-A921-D9DF8D70A2AE}"
EndProject
Project("{FAE04EC0-301F-11D3-BF4B-00C04F79EFBC}") = "StudentDataAccessLayer", "StudentDataAccessLayer\StudentDataAccessLayer.csproj", "{3156BA14-89E1-4773-914D-3E34D84B848C}"
EndProject
Project("{FAE04EC0-301F-11D3-BF4B-00C04F79EFBC}") = "Entities", "Entities\Entities.csproj", "{A657F7A3-0358-40B7-B9C3-B82AA12740C4}"
EndProject
Project("{FAE04EC0-301F-11D3-BF4B-00C04F79EFBC}") = "StudentPresentationLayer", "StudentPresentationLayer\StudentPresentationLayer.csproj", "{FD246E86-7F97-4739-93B4-95FF5D0C5030}"
EndProject
Project("{FAE04EC0-301F-11D3-BF4B-00C04F79EFBC}") = "Exceptions", "Exceptions\Exceptions.csproj", "{615FD34B-4436-439C-80C0-D59D476FA55C}"
EndProject
Global
	GlobalSection(SolutionConfigurationPlatforms) = preSolution
		Debug|Any CPU = Debug|Any CPU
		Release|Any CPU = Release|Any CPU
	EndGlobalSection
	GlobalSection(ProjectConfigurationPlatforms) = postSolution
		{36E2A364-E0AA-48BA-A921-D9DF8D70A2AE}.Debug|Any CPU.ActiveCfg = Debug|Any CPU
		{36E2A364-E0AA-48BA-A921-D9DF8D70A2AE}.Debug|Any CPU.Build.0 = Debug|Any CPU
		{36E2A364-E0AA-48BA-A921-D9DF8D70A2AE}.Release|Any CPU.ActiveCfg = Release|Any CPU
		{36E2A364-E0AA-48BA-A921-D9DF8D70A2AE}.Release|Any CPU.Build.0 = Release|Any CPU
		{3156BA14-89E1-4773-914D-3E34D84B848C}.Debug|Any CPU.ActiveCfg = Debug|Any CPU
		{3156BA14-89E1-4773-914D-3E34D84B848C}.Debug|Any CPU.Build.0 = Debug|Any CPU
		{3156BA14-89E1-4773-914D-3E34D84B848C}.Release|Any CPU.ActiveCfg = Release|Any CPU
		{3156BA14-89E1-4773-914D-3E34D84B848C}.Release|Any CPU.Build.0 = Release|Any CPU
		{A657F7A3-0358-40B7-B9C3-B82AA12740C4}.Debug|Any CPU.ActiveCfg = Debug|Any CPU
		{A657F7A3-0358-40B7-B9C3-B82AA12740C4}.Debug|Any CPU.Build.0 = Debug|Any CPU
		{A657F7A3-0358-40B7-B9C3-B82AA12740C4}.Release|Any CPU.ActiveCfg = Release|Any CPU
		{A657F7A3-0358-40B7-B9C3-B82AA12740C4}.Release|Any CPU.Build.0 = Release|Any CPU
		{FD246E86-7F97-4739-93B4-95FF5D0C5030}.Debug|Any CPU.ActiveCfg = Debug|Any CPU
		{FD246E86-7F97-4739-93B4-95FF5D0C5030}.Debug|Any CPU.Build.0 = Debug|Any CPU
		{FD246E86-7F97-4739-93B4-95FF5D0C5030}.Release|Any CPU.ActiveCfg = Release|Any CPU
		{FD246E86-7F97-4739-93B4-95FF5D0C5030}.Release|Any CPU.Build.0 = Release|Any CPU
		{615FD34B-4436-439C-80C0-D59D476FA55C}.Debug|Any CPU.ActiveCfg = Debug|Any CPU
		{615FD34B-4436-439C-80C0-D59D476FA55C}.Debug|Any CPU.Build.0 = Debug|Any CPU
		{615FD34B-4436-439C-80C0-D59D476FA55C}.Release|Any CPU.ActiveCfg = Release|Any CPU
		{615FD34B-4436-439C-80C0-D59D476FA55C}.Release|Any CPU.Build.0 = Release|Any CPU
	EndGlobalSection
	GlobalSection(SolutionProperties) = preSolution
		HideSolutionNode = FALSE
	EndGlobalSection
	GlobalSection(ExtensibilityGlobals) = postSolution
		SolutionGuid = {43373FE3-E665-4140-96EB-42EC2BF2A57C}
	EndGlobalSection
EndGlobal
