
Microsoft Visual Studio Solution File, Format Version 12.00
# Visual Studio Version 16
VisualStudioVersion = 16.0.30907.101
MinimumVisualStudioVersion = 10.0.40219.1
Project("{FAE04EC0-301F-11D3-BF4B-00C04F79EFBC}") = "StudentInfo.PresentationLayer", "StudentInfo.PresentationLayer\StudentInfo.PresentationLayer.csproj", "{7E5FD49E-DC74-475F-AA6F-CF1CE60DA838}"
EndProject
Project("{FAE04EC0-301F-11D3-BF4B-00C04F79EFBC}") = "StudentInfo.BusinessLayer", "StudentInfo.BusinessLayer\StudentInfo.BusinessLayer.csproj", "{79B541FC-1846-402D-B4C8-BF3032D1A057}"
EndProject
Project("{FAE04EC0-301F-11D3-BF4B-00C04F79EFBC}") = "StudentInfo.DataAccessLayer", "StudentInfo.DataAccessLayer\StudentInfo.DataAccessLayer.csproj", "{395D2BBC-C117-434B-8BA3-83BD5D3F12E1}"
EndProject
Project("{FAE04EC0-301F-11D3-BF4B-00C04F79EFBC}") = "StudentInfo.Entities", "StudentInfo.Entities\StudentInfo.Entities.csproj", "{C8DEBFE7-CFE6-4A32-A1E7-3EAF49F76875}"
EndProject
Project("{FAE04EC0-301F-11D3-BF4B-00C04F79EFBC}") = "StudentInfo.CustomExceptionLayer", "StudentInfo.CustomExceptionLayer\StudentInfo.CustomExceptionLayer.csproj", "{ACA1B66E-BEFD-4A88-8508-2CCB1ED5477F}"
EndProject
Global
	GlobalSection(SolutionConfigurationPlatforms) = preSolution
		Debug|Any CPU = Debug|Any CPU
		Release|Any CPU = Release|Any CPU
	EndGlobalSection
	GlobalSection(ProjectConfigurationPlatforms) = postSolution
		{7E5FD49E-DC74-475F-AA6F-CF1CE60DA838}.Debug|Any CPU.ActiveCfg = Debug|Any CPU
		{7E5FD49E-DC74-475F-AA6F-CF1CE60DA838}.Debug|Any CPU.Build.0 = Debug|Any CPU
		{7E5FD49E-DC74-475F-AA6F-CF1CE60DA838}.Release|Any CPU.ActiveCfg = Release|Any CPU
		{7E5FD49E-DC74-475F-AA6F-CF1CE60DA838}.Release|Any CPU.Build.0 = Release|Any CPU
		{79B541FC-1846-402D-B4C8-BF3032D1A057}.Debug|Any CPU.ActiveCfg = Debug|Any CPU
		{79B541FC-1846-402D-B4C8-BF3032D1A057}.Debug|Any CPU.Build.0 = Debug|Any CPU
		{79B541FC-1846-402D-B4C8-BF3032D1A057}.Release|Any CPU.ActiveCfg = Release|Any CPU
		{79B541FC-1846-402D-B4C8-BF3032D1A057}.Release|Any CPU.Build.0 = Release|Any CPU
		{395D2BBC-C117-434B-8BA3-83BD5D3F12E1}.Debug|Any CPU.ActiveCfg = Debug|Any CPU
		{395D2BBC-C117-434B-8BA3-83BD5D3F12E1}.Debug|Any CPU.Build.0 = Debug|Any CPU
		{395D2BBC-C117-434B-8BA3-83BD5D3F12E1}.Release|Any CPU.ActiveCfg = Release|Any CPU
		{395D2BBC-C117-434B-8BA3-83BD5D3F12E1}.Release|Any CPU.Build.0 = Release|Any CPU
		{C8DEBFE7-CFE6-4A32-A1E7-3EAF49F76875}.Debug|Any CPU.ActiveCfg = Debug|Any CPU
		{C8DEBFE7-CFE6-4A32-A1E7-3EAF49F76875}.Debug|Any CPU.Build.0 = Debug|Any CPU
		{C8DEBFE7-CFE6-4A32-A1E7-3EAF49F76875}.Release|Any CPU.ActiveCfg = Release|Any CPU
		{C8DEBFE7-CFE6-4A32-A1E7-3EAF49F76875}.Release|Any CPU.Build.0 = Release|Any CPU
		{ACA1B66E-BEFD-4A88-8508-2CCB1ED5477F}.Debug|Any CPU.ActiveCfg = Debug|Any CPU
		{ACA1B66E-BEFD-4A88-8508-2CCB1ED5477F}.Debug|Any CPU.Build.0 = Debug|Any CPU
		{ACA1B66E-BEFD-4A88-8508-2CCB1ED5477F}.Release|Any CPU.ActiveCfg = Release|Any CPU
		{ACA1B66E-BEFD-4A88-8508-2CCB1ED5477F}.Release|Any CPU.Build.0 = Release|Any CPU
	EndGlobalSection
	GlobalSection(SolutionProperties) = preSolution
		HideSolutionNode = FALSE
	EndGlobalSection
	GlobalSection(ExtensibilityGlobals) = postSolution
		SolutionGuid = {AE8A3723-3E59-4520-9AD6-FFAF8434ECD0}
	EndGlobalSection
EndGlobal
