
Microsoft Visual Studio Solution File, Format Version 12.00
# Visual Studio Version 16
VisualStudioVersion = 16.0.30907.101
MinimumVisualStudioVersion = 10.0.40219.1
Project("{FAE04EC0-301F-11D3-BF4B-00C04F79EFBC}") = "CapabiltyReviewPharmacyApp", "CapabiltyReviewPharmacyApp\CapabiltyReviewPharmacyApp.csproj", "{9287A927-F765-4941-8621-8B0B3398101D}"
EndProject
Project("{FAE04EC0-301F-11D3-BF4B-00C04F79EFBC}") = "PharmacyDataAccessLayer", "PharmacyDataAccessLayer\PharmacyDataAccessLayer.csproj", "{F80AAAE4-56B4-45E1-8D31-B73C5E8112B2}"
EndProject
Project("{FAE04EC0-301F-11D3-BF4B-00C04F79EFBC}") = "PharmacyBusinessLayer", "PharmacyBusinessLayer\PharmacyBusinessLayer.csproj", "{5E0E9117-1C47-42BB-974C-E415577C4A49}"
EndProject
Project("{FAE04EC0-301F-11D3-BF4B-00C04F79EFBC}") = "PharmacyExceptions", "PharmacyEntities\PharmacyExceptions.csproj", "{9B06D58E-E9FA-4755-972A-C66A9D40901C}"
EndProject
Project("{FAE04EC0-301F-11D3-BF4B-00C04F79EFBC}") = "Entities", "PharmacyExceptions\Entities.csproj", "{06AAEBFC-519E-4B33-9E1B-795C2CE15E88}"
EndProject
Global
	GlobalSection(SolutionConfigurationPlatforms) = preSolution
		Debug|Any CPU = Debug|Any CPU
		Release|Any CPU = Release|Any CPU
	EndGlobalSection
	GlobalSection(ProjectConfigurationPlatforms) = postSolution
		{9287A927-F765-4941-8621-8B0B3398101D}.Debug|Any CPU.ActiveCfg = Debug|Any CPU
		{9287A927-F765-4941-8621-8B0B3398101D}.Debug|Any CPU.Build.0 = Debug|Any CPU
		{9287A927-F765-4941-8621-8B0B3398101D}.Release|Any CPU.ActiveCfg = Release|Any CPU
		{9287A927-F765-4941-8621-8B0B3398101D}.Release|Any CPU.Build.0 = Release|Any CPU
		{F80AAAE4-56B4-45E1-8D31-B73C5E8112B2}.Debug|Any CPU.ActiveCfg = Debug|Any CPU
		{F80AAAE4-56B4-45E1-8D31-B73C5E8112B2}.Debug|Any CPU.Build.0 = Debug|Any CPU
		{F80AAAE4-56B4-45E1-8D31-B73C5E8112B2}.Release|Any CPU.ActiveCfg = Release|Any CPU
		{F80AAAE4-56B4-45E1-8D31-B73C5E8112B2}.Release|Any CPU.Build.0 = Release|Any CPU
		{5E0E9117-1C47-42BB-974C-E415577C4A49}.Debug|Any CPU.ActiveCfg = Debug|Any CPU
		{5E0E9117-1C47-42BB-974C-E415577C4A49}.Debug|Any CPU.Build.0 = Debug|Any CPU
		{5E0E9117-1C47-42BB-974C-E415577C4A49}.Release|Any CPU.ActiveCfg = Release|Any CPU
		{5E0E9117-1C47-42BB-974C-E415577C4A49}.Release|Any CPU.Build.0 = Release|Any CPU
		{9B06D58E-E9FA-4755-972A-C66A9D40901C}.Debug|Any CPU.ActiveCfg = Debug|Any CPU
		{9B06D58E-E9FA-4755-972A-C66A9D40901C}.Debug|Any CPU.Build.0 = Debug|Any CPU
		{9B06D58E-E9FA-4755-972A-C66A9D40901C}.Release|Any CPU.ActiveCfg = Release|Any CPU
		{9B06D58E-E9FA-4755-972A-C66A9D40901C}.Release|Any CPU.Build.0 = Release|Any CPU
		{06AAEBFC-519E-4B33-9E1B-795C2CE15E88}.Debug|Any CPU.ActiveCfg = Debug|Any CPU
		{06AAEBFC-519E-4B33-9E1B-795C2CE15E88}.Debug|Any CPU.Build.0 = Debug|Any CPU
		{06AAEBFC-519E-4B33-9E1B-795C2CE15E88}.Release|Any CPU.ActiveCfg = Release|Any CPU
		{06AAEBFC-519E-4B33-9E1B-795C2CE15E88}.Release|Any CPU.Build.0 = Release|Any CPU
	EndGlobalSection
	GlobalSection(SolutionProperties) = preSolution
		HideSolutionNode = FALSE
	EndGlobalSection
	GlobalSection(ExtensibilityGlobals) = postSolution
		SolutionGuid = {8184544B-43DE-45FB-B51B-9189C469A07C}
	EndGlobalSection
EndGlobal
