
Microsoft Visual Studio Solution File, Format Version 12.00
# Visual Studio Version 16
VisualStudioVersion = 16.0.30907.101
MinimumVisualStudioVersion = 10.0.40219.1
Project("{FAE04EC0-301F-11D3-BF4B-00C04F79EFBC}") = "CapabilityPatientRegistrationSystem", "CapabilityPatientRegistrationSystem\CapabilityPatientRegistrationSystem.csproj", "{56C891BB-8616-4E4E-97F0-3E0F5206D98D}"
EndProject
Global
	GlobalSection(SolutionConfigurationPlatforms) = preSolution
		Debug|Any CPU = Debug|Any CPU
		Release|Any CPU = Release|Any CPU
	EndGlobalSection
	GlobalSection(ProjectConfigurationPlatforms) = postSolution
		{56C891BB-8616-4E4E-97F0-3E0F5206D98D}.Debug|Any CPU.ActiveCfg = Debug|Any CPU
		{56C891BB-8616-4E4E-97F0-3E0F5206D98D}.Debug|Any CPU.Build.0 = Debug|Any CPU
		{56C891BB-8616-4E4E-97F0-3E0F5206D98D}.Release|Any CPU.ActiveCfg = Release|Any CPU
		{56C891BB-8616-4E4E-97F0-3E0F5206D98D}.Release|Any CPU.Build.0 = Release|Any CPU
	EndGlobalSection
	GlobalSection(SolutionProperties) = preSolution
		HideSolutionNode = FALSE
	EndGlobalSection
	GlobalSection(ExtensibilityGlobals) = postSolution
		SolutionGuid = {8D0BCF00-DACC-478E-84D7-3684E4F43CCF}
	EndGlobalSection
EndGlobal
